
Microsoft Visual Studio Solution File, Format Version 12.00
# Visual Studio 15
VisualStudioVersion = 15.0.27428.2043
MinimumVisualStudioVersion = 10.0.40219.1
Project("{FAE04EC0-301F-11D3-BF4B-00C04F79EFBC}") = "EfCoreSqlite.Android", "EfCoreSqlite\EfCoreSqlite.Android\EfCoreSqlite.Android.csproj", "{618BF432-775E-4566-B9CA-C0536E162B9E}"
EndProject
Project("{FAE04EC0-301F-11D3-BF4B-00C04F79EFBC}") = "EfCoreSqlite.iOS", "EfCoreSqlite\EfCoreSqlite.iOS\EfCoreSqlite.iOS.csproj", "{B79E842B-367F-4575-9828-5CB59164D9D2}"
EndProject
Project("{FAE04EC0-301F-11D3-BF4B-00C04F79EFBC}") = "EfCoreSqlite.UWP", "EfCoreSqlite\EfCoreSqlite.UWP\EfCoreSqlite.UWP.csproj", "{F592BB2E-5E4E-4FC5-87B6-1C54137F7413}"
EndProject
Project("{FAE04EC0-301F-11D3-BF4B-00C04F79EFBC}") = "EfCoreSqlite", "EfCoreSqlite\EfCoreSqlite\EfCoreSqlite.csproj", "{70AE99C3-83A8-4920-BF17-A7366BB3DBB9}"
EndProject
Global
	GlobalSection(SolutionConfigurationPlatforms) = preSolution
		Ad-Hoc|Any CPU = Ad-Hoc|Any CPU
		Ad-Hoc|ARM = Ad-Hoc|ARM
		Ad-Hoc|iPhone = Ad-Hoc|iPhone
		Ad-Hoc|iPhoneSimulator = Ad-Hoc|iPhoneSimulator
		Ad-Hoc|x64 = Ad-Hoc|x64
		Ad-Hoc|x86 = Ad-Hoc|x86
		AppStore|Any CPU = AppStore|Any CPU
		AppStore|ARM = AppStore|ARM
		AppStore|iPhone = AppStore|iPhone
		AppStore|iPhoneSimulator = AppStore|iPhoneSimulator
		AppStore|x64 = AppStore|x64
		AppStore|x86 = AppStore|x86
		Debug|Any CPU = Debug|Any CPU
		Debug|ARM = Debug|ARM
		Debug|iPhone = Debug|iPhone
		Debug|iPhoneSimulator = Debug|iPhoneSimulator
		Debug|x64 = Debug|x64
		Debug|x86 = Debug|x86
		Release|Any CPU = Release|Any CPU
		Release|ARM = Release|ARM
		Release|iPhone = Release|iPhone
		Release|iPhoneSimulator = Release|iPhoneSimulator
		Release|x64 = Release|x64
		Release|x86 = Release|x86
	EndGlobalSection
	GlobalSection(ProjectConfigurationPlatforms) = postSolution
		{618BF432-775E-4566-B9CA-C0536E162B9E}.Ad-Hoc|Any CPU.ActiveCfg = Release|Any CPU
		{618BF432-775E-4566-B9CA-C0536E162B9E}.Ad-Hoc|Any CPU.Build.0 = Release|Any CPU
		{618BF432-775E-4566-B9CA-C0536E162B9E}.Ad-Hoc|Any CPU.Deploy.0 = Release|Any CPU
		{618BF432-775E-4566-B9CA-C0536E162B9E}.Ad-Hoc|ARM.ActiveCfg = Release|Any CPU
		{618BF432-775E-4566-B9CA-C0536E162B9E}.Ad-Hoc|ARM.Build.0 = Release|Any CPU
		{618BF432-775E-4566-B9CA-C0536E162B9E}.Ad-Hoc|ARM.Deploy.0 = Release|Any CPU
		{618BF432-775E-4566-B9CA-C0536E162B9E}.Ad-Hoc|iPhone.ActiveCfg = Release|Any CPU
		{618BF432-775E-4566-B9CA-C0536E162B9E}.Ad-Hoc|iPhone.Build.0 = Release|Any CPU
		{618BF432-775E-4566-B9CA-C0536E162B9E}.Ad-Hoc|iPhone.Deploy.0 = Release|Any CPU
		{618BF432-775E-4566-B9CA-C0536E162B9E}.Ad-Hoc|iPhoneSimulator.ActiveCfg = Release|Any CPU
		{618BF432-775E-4566-B9CA-C0536E162B9E}.Ad-Hoc|iPhoneSimulator.Build.0 = Release|Any CPU
		{618BF432-775E-4566-B9CA-C0536E162B9E}.Ad-Hoc|iPhoneSimulator.Deploy.0 = Release|Any CPU
		{618BF432-775E-4566-B9CA-C0536E162B9E}.Ad-Hoc|x64.ActiveCfg = Release|Any CPU
		{618BF432-775E-4566-B9CA-C0536E162B9E}.Ad-Hoc|x64.Build.0 = Release|Any CPU
		{618BF432-775E-4566-B9CA-C0536E162B9E}.Ad-Hoc|x64.Deploy.0 = Release|Any CPU
		{618BF432-775E-4566-B9CA-C0536E162B9E}.Ad-Hoc|x86.ActiveCfg = Release|Any CPU
		{618BF432-775E-4566-B9CA-C0536E162B9E}.Ad-Hoc|x86.Build.0 = Release|Any CPU
		{618BF432-775E-4566-B9CA-C0536E162B9E}.Ad-Hoc|x86.Deploy.0 = Release|Any CPU
		{618BF432-775E-4566-B9CA-C0536E162B9E}.AppStore|Any CPU.ActiveCfg = Release|Any CPU
		{618BF432-775E-4566-B9CA-C0536E162B9E}.AppStore|Any CPU.Build.0 = Release|Any CPU
		{618BF432-775E-4566-B9CA-C0536E162B9E}.AppStore|Any CPU.Deploy.0 = Release|Any CPU
		{618BF432-775E-4566-B9CA-C0536E162B9E}.AppStore|ARM.ActiveCfg = Release|Any CPU
		{618BF432-775E-4566-B9CA-C0536E162B9E}.AppStore|ARM.Build.0 = Release|Any CPU
		{618BF432-775E-4566-B9CA-C0536E162B9E}.AppStore|ARM.Deploy.0 = Release|Any CPU
		{618BF432-775E-4566-B9CA-C0536E162B9E}.AppStore|iPhone.ActiveCfg = Release|Any CPU
		{618BF432-775E-4566-B9CA-C0536E162B9E}.AppStore|iPhone.Build.0 = Release|Any CPU
		{618BF432-775E-4566-B9CA-C0536E162B9E}.AppStore|iPhone.Deploy.0 = Release|Any CPU
		{618BF432-775E-4566-B9CA-C0536E162B9E}.AppStore|iPhoneSimulator.ActiveCfg = Release|Any CPU
		{618BF432-775E-4566-B9CA-C0536E162B9E}.AppStore|iPhoneSimulator.Build.0 = Release|Any CPU
		{618BF432-775E-4566-B9CA-C0536E162B9E}.AppStore|iPhoneSimulator.Deploy.0 = Release|Any CPU
		{618BF432-775E-4566-B9CA-C0536E162B9E}.AppStore|x64.ActiveCfg = Release|Any CPU
		{618BF432-775E-4566-B9CA-C0536E162B9E}.AppStore|x64.Build.0 = Release|Any CPU
		{618BF432-775E-4566-B9CA-C0536E162B9E}.AppStore|x64.Deploy.0 = Release|Any CPU
		{618BF432-775E-4566-B9CA-C0536E162B9E}.AppStore|x86.ActiveCfg = Release|Any CPU
		{618BF432-775E-4566-B9CA-C0536E162B9E}.AppStore|x86.Build.0 = Release|Any CPU
		{618BF432-775E-4566-B9CA-C0536E162B9E}.AppStore|x86.Deploy.0 = Release|Any CPU
		{618BF432-775E-4566-B9CA-C0536E162B9E}.Debug|Any CPU.ActiveCfg = Debug|Any CPU
		{618BF432-775E-4566-B9CA-C0536E162B9E}.Debug|Any CPU.Build.0 = Debug|Any CPU
		{618BF432-775E-4566-B9CA-C0536E162B9E}.Debug|Any CPU.Deploy.0 = Debug|Any CPU
		{618BF432-775E-4566-B9CA-C0536E162B9E}.Debug|ARM.ActiveCfg = Debug|Any CPU
		{618BF432-775E-4566-B9CA-C0536E162B9E}.Debug|ARM.Build.0 = Debug|Any CPU
		{618BF432-775E-4566-B9CA-C0536E162B9E}.Debug|ARM.Deploy.0 = Debug|Any CPU
		{618BF432-775E-4566-B9CA-C0536E162B9E}.Debug|iPhone.ActiveCfg = Debug|Any CPU
		{618BF432-775E-4566-B9CA-C0536E162B9E}.Debug|iPhone.Build.0 = Debug|Any CPU
		{618BF432-775E-4566-B9CA-C0536E162B9E}.Debug|iPhone.Deploy.0 = Debug|Any CPU
		{618BF432-775E-4566-B9CA-C0536E162B9E}.Debug|iPhoneSimulator.ActiveCfg = Debug|Any CPU
		{618BF432-775E-4566-B9CA-C0536E162B9E}.Debug|iPhoneSimulator.Build.0 = Debug|Any CPU
		{618BF432-775E-4566-B9CA-C0536E162B9E}.Debug|iPhoneSimulator.Deploy.0 = Debug|Any CPU
		{618BF432-775E-4566-B9CA-C0536E162B9E}.Debug|x64.ActiveCfg = Debug|Any CPU
		{618BF432-775E-4566-B9CA-C0536E162B9E}.Debug|x64.Build.0 = Debug|Any CPU
		{618BF432-775E-4566-B9CA-C0536E162B9E}.Debug|x64.Deploy.0 = Debug|Any CPU
		{618BF432-775E-4566-B9CA-C0536E162B9E}.Debug|x86.ActiveCfg = Debug|Any CPU
		{618BF432-775E-4566-B9CA-C0536E162B9E}.Debug|x86.Build.0 = Debug|Any CPU
		{618BF432-775E-4566-B9CA-C0536E162B9E}.Debug|x86.Deploy.0 = Debug|Any CPU
		{618BF432-775E-4566-B9CA-C0536E162B9E}.Release|Any CPU.ActiveCfg = Release|Any CPU
		{618BF432-775E-4566-B9CA-C0536E162B9E}.Release|Any CPU.Build.0 = Release|Any CPU
		{618BF432-775E-4566-B9CA-C0536E162B9E}.Release|Any CPU.Deploy.0 = Release|Any CPU
		{618BF432-775E-4566-B9CA-C0536E162B9E}.Release|ARM.ActiveCfg = Release|Any CPU
		{618BF432-775E-4566-B9CA-C0536E162B9E}.Release|ARM.Build.0 = Release|Any CPU
		{618BF432-775E-4566-B9CA-C0536E162B9E}.Release|ARM.Deploy.0 = Release|Any CPU
		{618BF432-775E-4566-B9CA-C0536E162B9E}.Release|iPhone.ActiveCfg = Release|Any CPU
		{618BF432-775E-4566-B9CA-C0536E162B9E}.Release|iPhone.Build.0 = Release|Any CPU
		{618BF432-775E-4566-B9CA-C0536E162B9E}.Release|iPhone.Deploy.0 = Release|Any CPU
		{618BF432-775E-4566-B9CA-C0536E162B9E}.Release|iPhoneSimulator.ActiveCfg = Release|Any CPU
		{618BF432-775E-4566-B9CA-C0536E162B9E}.Release|iPhoneSimulator.Build.0 = Release|Any CPU
		{618BF432-775E-4566-B9CA-C0536E162B9E}.Release|iPhoneSimulator.Deploy.0 = Release|Any CPU
		{618BF432-775E-4566-B9CA-C0536E162B9E}.Release|x64.ActiveCfg = Release|Any CPU
		{618BF432-775E-4566-B9CA-C0536E162B9E}.Release|x64.Build.0 = Release|Any CPU
		{618BF432-775E-4566-B9CA-C0536E162B9E}.Release|x64.Deploy.0 = Release|Any CPU
		{618BF432-775E-4566-B9CA-C0536E162B9E}.Release|x86.ActiveCfg = Release|Any CPU
		{618BF432-775E-4566-B9CA-C0536E162B9E}.Release|x86.Build.0 = Release|Any CPU
		{618BF432-775E-4566-B9CA-C0536E162B9E}.Release|x86.Deploy.0 = Release|Any CPU
		{B79E842B-367F-4575-9828-5CB59164D9D2}.Ad-Hoc|Any CPU.ActiveCfg = Ad-Hoc|iPhone
		{B79E842B-367F-4575-9828-5CB59164D9D2}.Ad-Hoc|ARM.ActiveCfg = Ad-Hoc|iPhone
		{B79E842B-367F-4575-9828-5CB59164D9D2}.Ad-Hoc|iPhone.ActiveCfg = Ad-Hoc|iPhone
		{B79E842B-367F-4575-9828-5CB59164D9D2}.Ad-Hoc|iPhone.Build.0 = Ad-Hoc|iPhone
		{B79E842B-367F-4575-9828-5CB59164D9D2}.Ad-Hoc|iPhoneSimulator.ActiveCfg = Ad-Hoc|iPhoneSimulator
		{B79E842B-367F-4575-9828-5CB59164D9D2}.Ad-Hoc|iPhoneSimulator.Build.0 = Ad-Hoc|iPhoneSimulator
		{B79E842B-367F-4575-9828-5CB59164D9D2}.Ad-Hoc|x64.ActiveCfg = Ad-Hoc|iPhone
		{B79E842B-367F-4575-9828-5CB59164D9D2}.Ad-Hoc|x86.ActiveCfg = Ad-Hoc|iPhone
		{B79E842B-367F-4575-9828-5CB59164D9D2}.AppStore|Any CPU.ActiveCfg = AppStore|iPhone
		{B79E842B-367F-4575-9828-5CB59164D9D2}.AppStore|ARM.ActiveCfg = AppStore|iPhone
		{B79E842B-367F-4575-9828-5CB59164D9D2}.AppStore|iPhone.ActiveCfg = AppStore|iPhone
		{B79E842B-367F-4575-9828-5CB59164D9D2}.AppStore|iPhone.Build.0 = AppStore|iPhone
		{B79E842B-367F-4575-9828-5CB59164D9D2}.AppStore|iPhoneSimulator.ActiveCfg = AppStore|iPhoneSimulator
		{B79E842B-367F-4575-9828-5CB59164D9D2}.AppStore|iPhoneSimulator.Build.0 = AppStore|iPhoneSimulator
		{B79E842B-367F-4575-9828-5CB59164D9D2}.AppStore|x64.ActiveCfg = AppStore|iPhone
		{B79E842B-367F-4575-9828-5CB59164D9D2}.AppStore|x86.ActiveCfg = AppStore|iPhone
		{B79E842B-367F-4575-9828-5CB59164D9D2}.Debug|Any CPU.ActiveCfg = Debug|iPhone
		{B79E842B-367F-4575-9828-5CB59164D9D2}.Debug|ARM.ActiveCfg = Debug|iPhone
		{B79E842B-367F-4575-9828-5CB59164D9D2}.Debug|iPhone.ActiveCfg = Debug|iPhone
		{B79E842B-367F-4575-9828-5CB59164D9D2}.Debug|iPhone.Build.0 = Debug|iPhone
		{B79E842B-367F-4575-9828-5CB59164D9D2}.Debug|iPhoneSimulator.ActiveCfg = Debug|iPhoneSimulator
		{B79E842B-367F-4575-9828-5CB59164D9D2}.Debug|iPhoneSimulator.Build.0 = Debug|iPhoneSimulator
		{B79E842B-367F-4575-9828-5CB59164D9D2}.Debug|x64.ActiveCfg = Debug|iPhone
		{B79E842B-367F-4575-9828-5CB59164D9D2}.Debug|x86.ActiveCfg = Debug|iPhone
		{B79E842B-367F-4575-9828-5CB59164D9D2}.Release|Any CPU.ActiveCfg = Release|iPhone
		{B79E842B-367F-4575-9828-5CB59164D9D2}.Release|ARM.ActiveCfg = Release|iPhone
		{B79E842B-367F-4575-9828-5CB59164D9D2}.Release|iPhone.ActiveCfg = Release|iPhone
		{B79E842B-367F-4575-9828-5CB59164D9D2}.Release|iPhone.Build.0 = Release|iPhone
		{B79E842B-367F-4575-9828-5CB59164D9D2}.Release|iPhoneSimulator.ActiveCfg = Release|iPhoneSimulator
		{B79E842B-367F-4575-9828-5CB59164D9D2}.Release|iPhoneSimulator.Build.0 = Release|iPhoneSimulator
		{B79E842B-367F-4575-9828-5CB59164D9D2}.Release|x64.ActiveCfg = Release|iPhone
		{B79E842B-367F-4575-9828-5CB59164D9D2}.Release|x86.ActiveCfg = Release|iPhone
		{F592BB2E-5E4E-4FC5-87B6-1C54137F7413}.Ad-Hoc|Any CPU.ActiveCfg = Release|x86
		{F592BB2E-5E4E-4FC5-87B6-1C54137F7413}.Ad-Hoc|Any CPU.Build.0 = Release|x86
		{F592BB2E-5E4E-4FC5-87B6-1C54137F7413}.Ad-Hoc|Any CPU.Deploy.0 = Release|x86
		{F592BB2E-5E4E-4FC5-87B6-1C54137F7413}.Ad-Hoc|ARM.ActiveCfg = Release|ARM
		{F592BB2E-5E4E-4FC5-87B6-1C54137F7413}.Ad-Hoc|ARM.Build.0 = Release|ARM
		{F592BB2E-5E4E-4FC5-87B6-1C54137F7413}.Ad-Hoc|ARM.Deploy.0 = Release|ARM
		{F592BB2E-5E4E-4FC5-87B6-1C54137F7413}.Ad-Hoc|iPhone.ActiveCfg = Release|x86
		{F592BB2E-5E4E-4FC5-87B6-1C54137F7413}.Ad-Hoc|iPhone.Build.0 = Release|x86
		{F592BB2E-5E4E-4FC5-87B6-1C54137F7413}.Ad-Hoc|iPhone.Deploy.0 = Release|x86
		{F592BB2E-5E4E-4FC5-87B6-1C54137F7413}.Ad-Hoc|iPhoneSimulator.ActiveCfg = Release|x86
		{F592BB2E-5E4E-4FC5-87B6-1C54137F7413}.Ad-Hoc|iPhoneSimulator.Build.0 = Release|x86
		{F592BB2E-5E4E-4FC5-87B6-1C54137F7413}.Ad-Hoc|iPhoneSimulator.Deploy.0 = Release|x86
		{F592BB2E-5E4E-4FC5-87B6-1C54137F7413}.Ad-Hoc|x64.ActiveCfg = Release|x64
		{F592BB2E-5E4E-4FC5-87B6-1C54137F7413}.Ad-Hoc|x64.Build.0 = Release|x64
		{F592BB2E-5E4E-4FC5-87B6-1C54137F7413}.Ad-Hoc|x64.Deploy.0 = Release|x64
		{F592BB2E-5E4E-4FC5-87B6-1C54137F7413}.Ad-Hoc|x86.ActiveCfg = Release|x86
		{F592BB2E-5E4E-4FC5-87B6-1C54137F7413}.Ad-Hoc|x86.Build.0 = Release|x86
		{F592BB2E-5E4E-4FC5-87B6-1C54137F7413}.Ad-Hoc|x86.Deploy.0 = Release|x86
		{F592BB2E-5E4E-4FC5-87B6-1C54137F7413}.AppStore|Any CPU.ActiveCfg = Release|x86
		{F592BB2E-5E4E-4FC5-87B6-1C54137F7413}.AppStore|Any CPU.Build.0 = Release|x86
		{F592BB2E-5E4E-4FC5-87B6-1C54137F7413}.AppStore|Any CPU.Deploy.0 = Release|x86
		{F592BB2E-5E4E-4FC5-87B6-1C54137F7413}.AppStore|ARM.ActiveCfg = Release|ARM
		{F592BB2E-5E4E-4FC5-87B6-1C54137F7413}.AppStore|ARM.Build.0 = Release|ARM
		{F592BB2E-5E4E-4FC5-87B6-1C54137F7413}.AppStore|ARM.Deploy.0 = Release|ARM
		{F592BB2E-5E4E-4FC5-87B6-1C54137F7413}.AppStore|iPhone.ActiveCfg = Release|x86
		{F592BB2E-5E4E-4FC5-87B6-1C54137F7413}.AppStore|iPhone.Build.0 = Release|x86
		{F592BB2E-5E4E-4FC5-87B6-1C54137F7413}.AppStore|iPhone.Deploy.0 = Release|x86
		{F592BB2E-5E4E-4FC5-87B6-1C54137F7413}.AppStore|iPhoneSimulator.ActiveCfg = Release|x86
		{F592BB2E-5E4E-4FC5-87B6-1C54137F7413}.AppStore|iPhoneSimulator.Build.0 = Release|x86
		{F592BB2E-5E4E-4FC5-87B6-1C54137F7413}.AppStore|iPhoneSimulator.Deploy.0 = Release|x86
		{F592BB2E-5E4E-4FC5-87B6-1C54137F7413}.AppStore|x64.ActiveCfg = Release|x64
		{F592BB2E-5E4E-4FC5-87B6-1C54137F7413}.AppStore|x64.Build.0 = Release|x64
		{F592BB2E-5E4E-4FC5-87B6-1C54137F7413}.AppStore|x64.Deploy.0 = Release|x64
		{F592BB2E-5E4E-4FC5-87B6-1C54137F7413}.AppStore|x86.ActiveCfg = Release|x86
		{F592BB2E-5E4E-4FC5-87B6-1C54137F7413}.AppStore|x86.Build.0 = Release|x86
		{F592BB2E-5E4E-4FC5-87B6-1C54137F7413}.AppStore|x86.Deploy.0 = Release|x86
		{F592BB2E-5E4E-4FC5-87B6-1C54137F7413}.Debug|Any CPU.ActiveCfg = Debug|x86
		{F592BB2E-5E4E-4FC5-87B6-1C54137F7413}.Debug|ARM.ActiveCfg = Debug|ARM
		{F592BB2E-5E4E-4FC5-87B6-1C54137F7413}.Debug|ARM.Build.0 = Debug|ARM
		{F592BB2E-5E4E-4FC5-87B6-1C54137F7413}.Debug|ARM.Deploy.0 = Debug|ARM
		{F592BB2E-5E4E-4FC5-87B6-1C54137F7413}.Debug|iPhone.ActiveCfg = Debug|x86
		{F592BB2E-5E4E-4FC5-87B6-1C54137F7413}.Debug|iPhoneSimulator.ActiveCfg = Debug|x86
		{F592BB2E-5E4E-4FC5-87B6-1C54137F7413}.Debug|x64.ActiveCfg = Debug|x64
		{F592BB2E-5E4E-4FC5-87B6-1C54137F7413}.Debug|x64.Build.0 = Debug|x64
		{F592BB2E-5E4E-4FC5-87B6-1C54137F7413}.Debug|x64.Deploy.0 = Debug|x64
		{F592BB2E-5E4E-4FC5-87B6-1C54137F7413}.Debug|x86.ActiveCfg = Debug|x86
		{F592BB2E-5E4E-4FC5-87B6-1C54137F7413}.Debug|x86.Build.0 = Debug|x86
		{F592BB2E-5E4E-4FC5-87B6-1C54137F7413}.Debug|x86.Deploy.0 = Debug|x86
		{F592BB2E-5E4E-4FC5-87B6-1C54137F7413}.Release|Any CPU.ActiveCfg = Release|x86
		{F592BB2E-5E4E-4FC5-87B6-1C54137F7413}.Release|ARM.ActiveCfg = Release|ARM
		{F592BB2E-5E4E-4FC5-87B6-1C54137F7413}.Release|ARM.Build.0 = Release|ARM
		{F592BB2E-5E4E-4FC5-87B6-1C54137F7413}.Release|ARM.Deploy.0 = Release|ARM
		{F592BB2E-5E4E-4FC5-87B6-1C54137F7413}.Release|iPhone.ActiveCfg = Release|x86
		{F592BB2E-5E4E-4FC5-87B6-1C54137F7413}.Release|iPhoneSimulator.ActiveCfg = Release|x86
		{F592BB2E-5E4E-4FC5-87B6-1C54137F7413}.Release|x64.ActiveCfg = Release|x64
		{F592BB2E-5E4E-4FC5-87B6-1C54137F7413}.Release|x64.Build.0 = Release|x64
		{F592BB2E-5E4E-4FC5-87B6-1C54137F7413}.Release|x64.Deploy.0 = Release|x64
		{F592BB2E-5E4E-4FC5-87B6-1C54137F7413}.Release|x86.ActiveCfg = Release|x86
		{F592BB2E-5E4E-4FC5-87B6-1C54137F7413}.Release|x86.Build.0 = Release|x86
		{F592BB2E-5E4E-4FC5-87B6-1C54137F7413}.Release|x86.Deploy.0 = Release|x86
		{70AE99C3-83A8-4920-BF17-A7366BB3DBB9}.Ad-Hoc|Any CPU.ActiveCfg = Debug|Any CPU
		{70AE99C3-83A8-4920-BF17-A7366BB3DBB9}.Ad-Hoc|Any CPU.Build.0 = Debug|Any CPU
		{70AE99C3-83A8-4920-BF17-A7366BB3DBB9}.Ad-Hoc|ARM.ActiveCfg = Debug|Any CPU
		{70AE99C3-83A8-4920-BF17-A7366BB3DBB9}.Ad-Hoc|ARM.Build.0 = Debug|Any CPU
		{70AE99C3-83A8-4920-BF17-A7366BB3DBB9}.Ad-Hoc|iPhone.ActiveCfg = Debug|Any CPU
		{70AE99C3-83A8-4920-BF17-A7366BB3DBB9}.Ad-Hoc|iPhone.Build.0 = Debug|Any CPU
		{70AE99C3-83A8-4920-BF17-A7366BB3DBB9}.Ad-Hoc|iPhoneSimulator.ActiveCfg = Debug|Any CPU
		{70AE99C3-83A8-4920-BF17-A7366BB3DBB9}.Ad-Hoc|iPhoneSimulator.Build.0 = Debug|Any CPU
		{70AE99C3-83A8-4920-BF17-A7366BB3DBB9}.Ad-Hoc|x64.ActiveCfg = Debug|Any CPU
		{70AE99C3-83A8-4920-BF17-A7366BB3DBB9}.Ad-Hoc|x64.Build.0 = Debug|Any CPU
		{70AE99C3-83A8-4920-BF17-A7366BB3DBB9}.Ad-Hoc|x86.ActiveCfg = Debug|Any CPU
		{70AE99C3-83A8-4920-BF17-A7366BB3DBB9}.Ad-Hoc|x86.Build.0 = Debug|Any CPU
		{70AE99C3-83A8-4920-BF17-A7366BB3DBB9}.AppStore|Any CPU.ActiveCfg = Debug|Any CPU
		{70AE99C3-83A8-4920-BF17-A7366BB3DBB9}.AppStore|Any CPU.Build.0 = Debug|Any CPU
		{70AE99C3-83A8-4920-BF17-A7366BB3DBB9}.AppStore|ARM.ActiveCfg = Debug|Any CPU
		{70AE99C3-83A8-4920-BF17-A7366BB3DBB9}.AppStore|ARM.Build.0 = Debug|Any CPU
		{70AE99C3-83A8-4920-BF17-A7366BB3DBB9}.AppStore|iPhone.ActiveCfg = Debug|Any CPU
		{70AE99C3-83A8-4920-BF17-A7366BB3DBB9}.AppStore|iPhone.Build.0 = Debug|Any CPU
		{70AE99C3-83A8-4920-BF17-A7366BB3DBB9}.AppStore|iPhoneSimulator.ActiveCfg = Debug|Any CPU
		{70AE99C3-83A8-4920-BF17-A7366BB3DBB9}.AppStore|iPhoneSimulator.Build.0 = Debug|Any CPU
		{70AE99C3-83A8-4920-BF17-A7366BB3DBB9}.AppStore|x64.ActiveCfg = Debug|Any CPU
		{70AE99C3-83A8-4920-BF17-A7366BB3DBB9}.AppStore|x64.Build.0 = Debug|Any CPU
		{70AE99C3-83A8-4920-BF17-A7366BB3DBB9}.AppStore|x86.ActiveCfg = Debug|Any CPU
		{70AE99C3-83A8-4920-BF17-A7366BB3DBB9}.AppStore|x86.Build.0 = Debug|Any CPU
		{70AE99C3-83A8-4920-BF17-A7366BB3DBB9}.Debug|Any CPU.ActiveCfg = Debug|Any CPU
		{70AE99C3-83A8-4920-BF17-A7366BB3DBB9}.Debug|Any CPU.Build.0 = Debug|Any CPU
		{70AE99C3-83A8-4920-BF17-A7366BB3DBB9}.Debug|ARM.ActiveCfg = Debug|Any CPU
		{70AE99C3-83A8-4920-BF17-A7366BB3DBB9}.Debug|ARM.Build.0 = Debug|Any CPU
		{70AE99C3-83A8-4920-BF17-A7366BB3DBB9}.Debug|iPhone.ActiveCfg = Debug|Any CPU
		{70AE99C3-83A8-4920-BF17-A7366BB3DBB9}.Debug|iPhone.Build.0 = Debug|Any CPU
		{70AE99C3-83A8-4920-BF17-A7366BB3DBB9}.Debug|iPhoneSimulator.ActiveCfg = Debug|Any CPU
		{70AE99C3-83A8-4920-BF17-A7366BB3DBB9}.Debug|iPhoneSimulator.Build.0 = Debug|Any CPU
		{70AE99C3-83A8-4920-BF17-A7366BB3DBB9}.Debug|x64.ActiveCfg = Debug|Any CPU
		{70AE99C3-83A8-4920-BF17-A7366BB3DBB9}.Debug|x64.Build.0 = Debug|Any CPU
		{70AE99C3-83A8-4920-BF17-A7366BB3DBB9}.Debug|x86.ActiveCfg = Debug|Any CPU
		{70AE99C3-83A8-4920-BF17-A7366BB3DBB9}.Debug|x86.Build.0 = Debug|Any CPU
		{70AE99C3-83A8-4920-BF17-A7366BB3DBB9}.Release|Any CPU.ActiveCfg = Release|Any CPU
		{70AE99C3-83A8-4920-BF17-A7366BB3DBB9}.Release|Any CPU.Build.0 = Release|Any CPU
		{70AE99C3-83A8-4920-BF17-A7366BB3DBB9}.Release|ARM.ActiveCfg = Release|Any CPU
		{70AE99C3-83A8-4920-BF17-A7366BB3DBB9}.Release|ARM.Build.0 = Release|Any CPU
		{70AE99C3-83A8-4920-BF17-A7366BB3DBB9}.Release|iPhone.ActiveCfg = Release|Any CPU
		{70AE99C3-83A8-4920-BF17-A7366BB3DBB9}.Release|iPhone.Build.0 = Release|Any CPU
		{70AE99C3-83A8-4920-BF17-A7366BB3DBB9}.Release|iPhoneSimulator.ActiveCfg = Release|Any CPU
		{70AE99C3-83A8-4920-BF17-A7366BB3DBB9}.Release|iPhoneSimulator.Build.0 = Release|Any CPU
		{70AE99C3-83A8-4920-BF17-A7366BB3DBB9}.Release|x64.ActiveCfg = Release|Any CPU
		{70AE99C3-83A8-4920-BF17-A7366BB3DBB9}.Release|x64.Build.0 = Release|Any CPU
		{70AE99C3-83A8-4920-BF17-A7366BB3DBB9}.Release|x86.ActiveCfg = Release|Any CPU
		{70AE99C3-83A8-4920-BF17-A7366BB3DBB9}.Release|x86.Build.0 = Release|Any CPU
	EndGlobalSection
	GlobalSection(SolutionProperties) = preSolution
		HideSolutionNode = FALSE
	EndGlobalSection
	GlobalSection(ExtensibilityGlobals) = postSolution
		SolutionGuid = {E2B1BB4E-4ED3-4031-BA03-16A2481CD825}
	EndGlobalSection
EndGlobal
